
Microsoft Visual Studio Solution File, Format Version 12.00
# Visual Studio Version 17
VisualStudioVersion = 17.5.33502.453
MinimumVisualStudioVersion = 10.0.40219.1
Project("{FAE04EC0-301F-11D3-BF4B-00C04F79EFBC}") = "Segundo Parcial - Battleship", "Segundo Parcial - Battleship.csproj", "{8ABC646E-9487-4001-86F1-EF00CC354616}"
EndProject
Global
	GlobalSection(SolutionConfigurationPlatforms) = preSolution
		Debug|Any CPU = Debug|Any CPU
		Release|Any CPU = Release|Any CPU
	EndGlobalSection
	GlobalSection(ProjectConfigurationPlatforms) = postSolution
		{8ABC646E-9487-4001-86F1-EF00CC354616}.Debug|Any CPU.ActiveCfg = Debug|Any CPU
		{8ABC646E-9487-4001-86F1-EF00CC354616}.Debug|Any CPU.Build.0 = Debug|Any CPU
		{8ABC646E-9487-4001-86F1-EF00CC354616}.Release|Any CPU.ActiveCfg = Release|Any CPU
		{8ABC646E-9487-4001-86F1-EF00CC354616}.Release|Any CPU.Build.0 = Release|Any CPU
	EndGlobalSection
	GlobalSection(SolutionProperties) = preSolution
		HideSolutionNode = FALSE
	EndGlobalSection
	GlobalSection(ExtensibilityGlobals) = postSolution
		SolutionGuid = {F7756218-7236-42F6-8F7B-4B303F970C0E}
	EndGlobalSection
EndGlobal
